// !$*UTF8*$!
{
	archiveVersion = 1;
	classes = {
	};
	objectVersion = 46;
	objects = {

/* Begin PBXBuildFile section */
		281E397702AFF84B373377A5 /* ofxButton.cpp in Sources */ = {isa = PBXBuildFile; fileRef = 17C83082A0E9F6D2BB7FE07D /* ofxButton.cpp */; };
		306E281E881AEFC343501AF8 /* ofxDatGuiComponent.cpp in Sources */ = {isa = PBXBuildFile; fileRef = 711F7111DF40061A3DC49469 /* ofxDatGuiComponent.cpp */; };
		357D15F566DCDFCB63C78A2A /* ostream.cpp in Sources */ = {isa = PBXBuildFile; fileRef = FACCFB9E3EA79675FAB70179 /* ostream.cpp */; };
		48F7FEF8914B64EA7053CD0A /* istream.cpp in Sources */ = {isa = PBXBuildFile; fileRef = 18C4BE08EEF363F2E25EBFC4 /* istream.cpp */; };
		49341C4F1CC9EF0200C9F7C4 /* plotter.cpp in Sources */ = {isa = PBXBuildFile; fileRef = 49341C4E1CC9EF0200C9F7C4 /* plotter.cpp */; };
		497D66D31CC3232900D5C3DC /* ofxTCPClient.cpp in Sources */ = {isa = PBXBuildFile; fileRef = 497D66CB1CC3232900D5C3DC /* ofxTCPClient.cpp */; };
		497D66D41CC3232900D5C3DC /* ofxTCPManager.cpp in Sources */ = {isa = PBXBuildFile; fileRef = 497D66CD1CC3232900D5C3DC /* ofxTCPManager.cpp */; };
		497D66D51CC3232900D5C3DC /* ofxTCPServer.cpp in Sources */ = {isa = PBXBuildFile; fileRef = 497D66CF1CC3232900D5C3DC /* ofxTCPServer.cpp */; };
		497D66D61CC3232900D5C3DC /* ofxUDPManager.cpp in Sources */ = {isa = PBXBuildFile; fileRef = 497D66D11CC3232900D5C3DC /* ofxUDPManager.cpp */; };
		49F58CC41CACBECA005F322C /* calibrator.cpp in Sources */ = {isa = PBXBuildFile; fileRef = 49F58CC21CACBECA005F322C /* calibrator.cpp */; };
		4C01A7D4BC8BE15DE60CCB82 /* ofxPanel.cpp in Sources */ = {isa = PBXBuildFile; fileRef = F27487FA03169CDBC92552C4 /* ofxPanel.cpp */; };
		50958D8DFAF12469DAFEB044 /* tuneable.cpp in Sources */ = {isa = PBXBuildFile; fileRef = 3B41658326AAF509E0B38863 /* tuneable.cpp */; };
		53560FBFF75362D7BE463255 /* ofxToggle.cpp in Sources */ = {isa = PBXBuildFile; fileRef = FC54DBBAA5B23FFE6E7FE620 /* ofxToggle.cpp */; };
		637A06C23B6F54498F35B81F /* ofxSmartFont.cpp in Sources */ = {isa = PBXBuildFile; fileRef = 00C32701B394C1DD8762AD1E /* ofxSmartFont.cpp */; };
		798434EF9EE5EE2E41E2F0DE /* ofxGrtTimeseriesPlot.cpp in Sources */ = {isa = PBXBuildFile; fileRef = 3016C29D8E0735FBAEF55DFA /* ofxGrtTimeseriesPlot.cpp */; };
		817BE7751CCB063E00FE581B /* libgrt.dylib in Frameworks */ = {isa = PBXBuildFile; fileRef = 817BE7741CCB063E00FE581B /* libgrt.dylib */; };
		817BE7761CCB067800FE581B /* libgrt.dylib in CopyFiles */ = {isa = PBXBuildFile; fileRef = 817BE7741CCB063E00FE581B /* libgrt.dylib */; settings = {ATTRIBUTES = (CodeSignOnCopy, ); }; };
		9E339FEC563CF250C60DBD84 /* ofxDatGui.cpp in Sources */ = {isa = PBXBuildFile; fileRef = 8B699EEC2E838CB52082554A /* ofxDatGui.cpp */; };
		A9F16933D69101A8B2D7DC24 /* ofxBaseGui.cpp in Sources */ = {isa = PBXBuildFile; fileRef = B29062C5077E0EBE48BC1E5E /* ofxBaseGui.cpp */; };
		B5B6A3DBA86CA86AD71CDE31 /* ofxLabel.cpp in Sources */ = {isa = PBXBuildFile; fileRef = 64F25F34C1FF51D1DEB91164 /* ofxLabel.cpp */; };
		DD956AF23DA8C97565D245E4 /* ofxSlider.cpp in Sources */ = {isa = PBXBuildFile; fileRef = 8FBE3DD02DBD21EB4812C6B1 /* ofxSlider.cpp */; };
		E2565612498DE15079C283A3 /* ofxGrtMatrixPlot.cpp in Sources */ = {isa = PBXBuildFile; fileRef = 7ACE6957882556257F46BB94 /* ofxGrtMatrixPlot.cpp */; };
		E4328149138ABC9F0047C5CB /* openFrameworksDebug.a in Frameworks */ = {isa = PBXBuildFile; fileRef = E4328148138ABC890047C5CB /* openFrameworksDebug.a */; };
		E4B69E200A3A1BDC003C02F2 /* main.cpp in Sources */ = {isa = PBXBuildFile; fileRef = E4B69E1D0A3A1BDC003C02F2 /* main.cpp */; };
		E4B69E210A3A1BDC003C02F2 /* ofApp.cpp in Sources */ = {isa = PBXBuildFile; fileRef = E4B69E1E0A3A1BDC003C02F2 /* ofApp.cpp */; };
		E53A43EAD208AC6F06A451D3 /* ofxParagraph.cpp in Sources */ = {isa = PBXBuildFile; fileRef = A0B4FE6D3EADF19C5E8A120B /* ofxParagraph.cpp */; };
		ED0398432D326C847E821F12 /* ofxGuiGroup.cpp in Sources */ = {isa = PBXBuildFile; fileRef = 1F8E989A07FC7623F211CE84 /* ofxGuiGroup.cpp */; };
		F21B1E9A4D08953A47D1411A /* ofxSliderGroup.cpp in Sources */ = {isa = PBXBuildFile; fileRef = E28FFAE01315AB1CC3DFFE2E /* ofxSliderGroup.cpp */; };
/* End PBXBuildFile section */

/* Begin PBXContainerItemProxy section */
		E4328147138ABC890047C5CB /* PBXContainerItemProxy */ = {
			isa = PBXContainerItemProxy;
			containerPortal = E4328143138ABC890047C5CB /* openFrameworksLib.xcodeproj */;
			proxyType = 2;
			remoteGlobalIDString = E4B27C1510CBEB8E00536013;
			remoteInfo = openFrameworks;
		};
		E4EEB9AB138B136A00A80321 /* PBXContainerItemProxy */ = {
			isa = PBXContainerItemProxy;
			containerPortal = E4328143138ABC890047C5CB /* openFrameworksLib.xcodeproj */;
			proxyType = 1;
			remoteGlobalIDString = E4B27C1410CBEB8E00536013;
			remoteInfo = openFrameworks;
		};
/* End PBXContainerItemProxy section */

/* Begin PBXCopyFilesBuildPhase section */
		E4C2427710CC5ABF004149E2 /* CopyFiles */ = {
			isa = PBXCopyFilesBuildPhase;
			buildActionMask = 2147483647;
			dstPath = "";
			dstSubfolderSpec = 10;
			files = (
				817BE7761CCB067800FE581B /* libgrt.dylib in CopyFiles */,
			);
			runOnlyForDeploymentPostprocessing = 0;
		};
/* End PBXCopyFilesBuildPhase section */

/* Begin PBXFileReference section */
		00C32701B394C1DD8762AD1E /* ofxSmartFont.cpp */ = {isa = PBXFileReference; explicitFileType = sourcecode.cpp.cpp; fileEncoding = 30; name = ofxSmartFont.cpp; path = "../../third-party/openFrameworks/addons/ofxDatGui/src/libs/ofxSmartFont/ofxSmartFont.cpp"; sourceTree = SOURCE_ROOT; };
		00CE9583E881F7E346D71B77 /* ofxPanel.h */ = {isa = PBXFileReference; explicitFileType = sourcecode.c.h; fileEncoding = 30; name = ofxPanel.h; path = "../../third-party/openFrameworks/addons/ofxGui/src/ofxPanel.h"; sourceTree = SOURCE_ROOT; };
		05DA5E2790D1660300433C54 /* ofxDatGuiFRM.h */ = {isa = PBXFileReference; explicitFileType = sourcecode.c.h; fileEncoding = 30; name = ofxDatGuiFRM.h; path = "../../third-party/openFrameworks/addons/ofxDatGui/src/components/ofxDatGuiFRM.h"; sourceTree = SOURCE_ROOT; };
		06AB5C007F9ABA878C941FA0 /* ofxDatGuiGroups.h */ = {isa = PBXFileReference; explicitFileType = sourcecode.c.h; fileEncoding = 30; name = ofxDatGuiGroups.h; path = "../../third-party/openFrameworks/addons/ofxDatGui/src/components/ofxDatGuiGroups.h"; sourceTree = SOURCE_ROOT; };
		0AD12F507A410105D2618288 /* user_audio_beat.h */ = {isa = PBXFileReference; explicitFileType = sourcecode.c.h; fileEncoding = 30; name = user_audio_beat.h; path = src/user_audio_beat.h; sourceTree = SOURCE_ROOT; };
		17C83082A0E9F6D2BB7FE07D /* ofxButton.cpp */ = {isa = PBXFileReference; explicitFileType = sourcecode.cpp.cpp; fileEncoding = 30; name = ofxButton.cpp; path = "../../third-party/openFrameworks/addons/ofxGui/src/ofxButton.cpp"; sourceTree = SOURCE_ROOT; };
		18C4BE08EEF363F2E25EBFC4 /* istream.cpp */ = {isa = PBXFileReference; explicitFileType = sourcecode.cpp.cpp; fileEncoding = 30; name = istream.cpp; path = src/istream.cpp; sourceTree = SOURCE_ROOT; };
		1F26CF2A468F99CE667E11E9 /* user_capacitive_sensing.h */ = {isa = PBXFileReference; explicitFileType = sourcecode.c.h; fileEncoding = 30; name = user_capacitive_sensing.h; path = src/user_capacitive_sensing.h; sourceTree = SOURCE_ROOT; };
		1F8E989A07FC7623F211CE84 /* ofxGuiGroup.cpp */ = {isa = PBXFileReference; explicitFileType = sourcecode.cpp.cpp; fileEncoding = 30; name = ofxGuiGroup.cpp; path = "../../third-party/openFrameworks/addons/ofxGui/src/ofxGuiGroup.cpp"; sourceTree = SOURCE_ROOT; };
		2037A4196661293164557E30 /* ostream.h */ = {isa = PBXFileReference; explicitFileType = sourcecode.c.h; fileEncoding = 30; name = ostream.h; path = src/ostream.h; sourceTree = SOURCE_ROOT; };
		282D6B378B12A303CCC10AC9 /* ofxSmartFont.h */ = {isa = PBXFileReference; explicitFileType = sourcecode.c.h; fileEncoding = 30; name = ofxSmartFont.h; path = "../../third-party/openFrameworks/addons/ofxDatGui/src/libs/ofxSmartFont/ofxSmartFont.h"; sourceTree = SOURCE_ROOT; };
		2FF4BD20EA806510FB8490D2 /* ESP.h */ = {isa = PBXFileReference; explicitFileType = sourcecode.c.h; fileEncoding = 30; name = ESP.h; path = src/ESP.h; sourceTree = SOURCE_ROOT; };
		3016C29D8E0735FBAEF55DFA /* ofxGrtTimeseriesPlot.cpp */ = {isa = PBXFileReference; explicitFileType = sourcecode.cpp.cpp; fileEncoding = 30; name = ofxGrtTimeseriesPlot.cpp; path = "../../third-party/openFrameworks/addons/ofxGrt/src/ofxGrtTimeseriesPlot.cpp"; sourceTree = SOURCE_ROOT; };
		33590F0CD7DAD6FE90515E35 /* ofxGuiGroup.h */ = {isa = PBXFileReference; explicitFileType = sourcecode.c.h; fileEncoding = 30; name = ofxGuiGroup.h; path = "../../third-party/openFrameworks/addons/ofxGui/src/ofxGuiGroup.h"; sourceTree = SOURCE_ROOT; };
		33AE35DBE2EBE926124EFA8A /* ofxGui.h */ = {isa = PBXFileReference; explicitFileType = sourcecode.c.h; fileEncoding = 30; name = ofxGui.h; path = "../../third-party/openFrameworks/addons/ofxGui/src/ofxGui.h"; sourceTree = SOURCE_ROOT; };
		39DCD28624E94A4ECBBCA522 /* ofxDatGuiLabel.h */ = {isa = PBXFileReference; explicitFileType = sourcecode.c.h; fileEncoding = 30; name = ofxDatGuiLabel.h; path = "../../third-party/openFrameworks/addons/ofxDatGui/src/components/ofxDatGuiLabel.h"; sourceTree = SOURCE_ROOT; };
		3B41658326AAF509E0B38863 /* tuneable.cpp */ = {isa = PBXFileReference; explicitFileType = sourcecode.cpp.cpp; fileEncoding = 30; name = tuneable.cpp; path = src/tuneable.cpp; sourceTree = SOURCE_ROOT; };
		3C7436EA662FF05FD6BB9350 /* ofxDatGuiScrollView.h */ = {isa = PBXFileReference; explicitFileType = sourcecode.c.h; fileEncoding = 30; name = ofxDatGuiScrollView.h; path = "../../third-party/openFrameworks/addons/ofxDatGui/src/components/ofxDatGuiScrollView.h"; sourceTree = SOURCE_ROOT; };
		49341C4E1CC9EF0200C9F7C4 /* plotter.cpp */ = {isa = PBXFileReference; fileEncoding = 4; lastKnownFileType = sourcecode.cpp.cpp; path = plotter.cpp; sourceTree = "<group>"; };
		497D66C91CC3232900D5C3DC /* ofxNetwork.h */ = {isa = PBXFileReference; lastKnownFileType = sourcecode.c.h; path = ofxNetwork.h; sourceTree = "<group>"; };
		497D66CA1CC3232900D5C3DC /* ofxNetworkUtils.h */ = {isa = PBXFileReference; lastKnownFileType = sourcecode.c.h; path = ofxNetworkUtils.h; sourceTree = "<group>"; };
		497D66CB1CC3232900D5C3DC /* ofxTCPClient.cpp */ = {isa = PBXFileReference; lastKnownFileType = sourcecode.cpp.cpp; path = ofxTCPClient.cpp; sourceTree = "<group>"; };
		497D66CC1CC3232900D5C3DC /* ofxTCPClient.h */ = {isa = PBXFileReference; lastKnownFileType = sourcecode.c.h; path = ofxTCPClient.h; sourceTree = "<group>"; };
		497D66CD1CC3232900D5C3DC /* ofxTCPManager.cpp */ = {isa = PBXFileReference; lastKnownFileType = sourcecode.cpp.cpp; path = ofxTCPManager.cpp; sourceTree = "<group>"; };
		497D66CE1CC3232900D5C3DC /* ofxTCPManager.h */ = {isa = PBXFileReference; lastKnownFileType = sourcecode.c.h; path = ofxTCPManager.h; sourceTree = "<group>"; };
		497D66CF1CC3232900D5C3DC /* ofxTCPServer.cpp */ = {isa = PBXFileReference; lastKnownFileType = sourcecode.cpp.cpp; path = ofxTCPServer.cpp; sourceTree = "<group>"; };
		497D66D01CC3232900D5C3DC /* ofxTCPServer.h */ = {isa = PBXFileReference; lastKnownFileType = sourcecode.c.h; path = ofxTCPServer.h; sourceTree = "<group>"; };
		497D66D11CC3232900D5C3DC /* ofxUDPManager.cpp */ = {isa = PBXFileReference; lastKnownFileType = sourcecode.cpp.cpp; path = ofxUDPManager.cpp; sourceTree = "<group>"; };
		497D66D21CC3232900D5C3DC /* ofxUDPManager.h */ = {isa = PBXFileReference; lastKnownFileType = sourcecode.c.h; path = ofxUDPManager.h; sourceTree = "<group>"; };
		49F58CC21CACBECA005F322C /* calibrator.cpp */ = {isa = PBXFileReference; fileEncoding = 4; lastKnownFileType = sourcecode.cpp.cpp; path = calibrator.cpp; sourceTree = "<group>"; };
		49F58CC31CACBECA005F322C /* calibrator.h */ = {isa = PBXFileReference; fileEncoding = 4; lastKnownFileType = sourcecode.c.h; path = calibrator.h; sourceTree = "<group>"; };
		4C42376EF0C93B60AB080532 /* ofxBaseGui.h */ = {isa = PBXFileReference; explicitFileType = sourcecode.c.h; fileEncoding = 30; name = ofxBaseGui.h; path = "../../third-party/openFrameworks/addons/ofxGui/src/ofxBaseGui.h"; sourceTree = SOURCE_ROOT; };
		5174E480FBF38C3788C29798 /* ofxDatGui.h */ = {isa = PBXFileReference; explicitFileType = sourcecode.c.h; fileEncoding = 30; name = ofxDatGui.h; path = "../../third-party/openFrameworks/addons/ofxDatGui/src/ofxDatGui.h"; sourceTree = SOURCE_ROOT; };
		52607E0BCED30FC46E5947AF /* ofxParagraph.h */ = {isa = PBXFileReference; explicitFileType = sourcecode.c.h; fileEncoding = 30; name = ofxParagraph.h; path = "../../third-party/openFrameworks/addons/ofxParagraph/src/ofxParagraph.h"; sourceTree = SOURCE_ROOT; };
		55A01C11669CD56E9FEBE44F /* ofxDatGuiTextInputField.h */ = {isa = PBXFileReference; explicitFileType = sourcecode.c.h; fileEncoding = 30; name = ofxDatGuiTextInputField.h; path = "../../third-party/openFrameworks/addons/ofxDatGui/src/components/ofxDatGuiTextInputField.h"; sourceTree = SOURCE_ROOT; };
		5939D84F8D015C2971814643 /* user.h */ = {isa = PBXFileReference; explicitFileType = sourcecode.c.h; fileEncoding = 30; name = user.h; path = src/user.h; sourceTree = SOURCE_ROOT; };
		5C2E46669FF5622BBDD19D50 /* ofxDatGuiEvents.h */ = {isa = PBXFileReference; explicitFileType = sourcecode.c.h; fileEncoding = 30; name = ofxDatGuiEvents.h; path = "../../third-party/openFrameworks/addons/ofxDatGui/src/core/ofxDatGuiEvents.h"; sourceTree = SOURCE_ROOT; };
		64F25F34C1FF51D1DEB91164 /* ofxLabel.cpp */ = {isa = PBXFileReference; explicitFileType = sourcecode.cpp.cpp; fileEncoding = 30; name = ofxLabel.cpp; path = "../../third-party/openFrameworks/addons/ofxGui/src/ofxLabel.cpp"; sourceTree = SOURCE_ROOT; };
		66F3ADBD2888068E11FF60AE /* ofxDatGuiComponent.h */ = {isa = PBXFileReference; explicitFileType = sourcecode.c.h; fileEncoding = 30; name = ofxDatGuiComponent.h; path = "../../third-party/openFrameworks/addons/ofxDatGui/src/core/ofxDatGuiComponent.h"; sourceTree = SOURCE_ROOT; };
		6B92F1EA749EF18D2462EF7D /* user_accelerometer_poses.h */ = {isa = PBXFileReference; explicitFileType = sourcecode.c.h; fileEncoding = 30; name = user_accelerometer_poses.h; path = src/user_accelerometer_poses.h; sourceTree = SOURCE_ROOT; };
		6EFCEE1D53FA8941E6503D8E /* ofxLabel.h */ = {isa = PBXFileReference; explicitFileType = sourcecode.c.h; fileEncoding = 30; name = ofxLabel.h; path = "../../third-party/openFrameworks/addons/ofxGui/src/ofxLabel.h"; sourceTree = SOURCE_ROOT; };
		6F37BA38F428973FAF939B4A /* ofxDatGuiTheme.h */ = {isa = PBXFileReference; explicitFileType = sourcecode.c.h; fileEncoding = 30; name = ofxDatGuiTheme.h; path = "../../third-party/openFrameworks/addons/ofxDatGui/src/themes/ofxDatGuiTheme.h"; sourceTree = SOURCE_ROOT; };
		6F8100B5C8574131C4571B8A /* istream.h */ = {isa = PBXFileReference; explicitFileType = sourcecode.c.h; fileEncoding = 30; name = istream.h; path = src/istream.h; sourceTree = SOURCE_ROOT; };
		711F7111DF40061A3DC49469 /* ofxDatGuiComponent.cpp */ = {isa = PBXFileReference; explicitFileType = sourcecode.cpp.cpp; fileEncoding = 30; name = ofxDatGuiComponent.cpp; path = "../../third-party/openFrameworks/addons/ofxDatGui/src/core/ofxDatGuiComponent.cpp"; sourceTree = SOURCE_ROOT; };
		758A107287611C953539AF3F /* ofxDatGui2dPad.h */ = {isa = PBXFileReference; explicitFileType = sourcecode.c.h; fileEncoding = 30; name = ofxDatGui2dPad.h; path = "../../third-party/openFrameworks/addons/ofxDatGui/src/components/ofxDatGui2dPad.h"; sourceTree = SOURCE_ROOT; };
		787A0D517B1A87C9E9E5D821 /* ofxDatGuiTextBlock.h */ = {isa = PBXFileReference; explicitFileType = sourcecode.c.h; fileEncoding = 30; name = ofxDatGuiTextBlock.h; path = "../../third-party/openFrameworks/addons/ofxDatGui/src/components/ofxDatGuiTextBlock.h"; sourceTree = SOURCE_ROOT; };
		7A451F0A26AD1F6604C914AF /* ofxGrt.h */ = {isa = PBXFileReference; explicitFileType = sourcecode.c.h; fileEncoding = 30; name = ofxGrt.h; path = "../../third-party/openFrameworks/addons/ofxGrt/src/ofxGrt.h"; sourceTree = SOURCE_ROOT; };
		7ACE6957882556257F46BB94 /* ofxGrtMatrixPlot.cpp */ = {isa = PBXFileReference; explicitFileType = sourcecode.cpp.cpp; fileEncoding = 30; name = ofxGrtMatrixPlot.cpp; path = "../../third-party/openFrameworks/addons/ofxGrt/src/ofxGrtMatrixPlot.cpp"; sourceTree = SOURCE_ROOT; };
		7DCB1F9D3560D19E614EEA45 /* ofxDatGuiButton.h */ = {isa = PBXFileReference; explicitFileType = sourcecode.c.h; fileEncoding = 30; name = ofxDatGuiButton.h; path = "../../third-party/openFrameworks/addons/ofxDatGui/src/components/ofxDatGuiButton.h"; sourceTree = SOURCE_ROOT; };
		806F715C55B9B786D65F7B33 /* ofxDatGuiSlider.h */ = {isa = PBXFileReference; explicitFileType = sourcecode.c.h; fileEncoding = 30; name = ofxDatGuiSlider.h; path = "../../third-party/openFrameworks/addons/ofxDatGui/src/components/ofxDatGuiSlider.h"; sourceTree = SOURCE_ROOT; };
		817BE7741CCB063E00FE581B /* libgrt.dylib */ = {isa = PBXFileReference; lastKnownFileType = "compiled.mach-o.dylib"; path = libgrt.dylib; sourceTree = "<group>"; };
		879E8BE84F6F719ED42446C3 /* ofxDatGuiTextInput.h */ = {isa = PBXFileReference; explicitFileType = sourcecode.c.h; fileEncoding = 30; name = ofxDatGuiTextInput.h; path = "../../third-party/openFrameworks/addons/ofxDatGui/src/components/ofxDatGuiTextInput.h"; sourceTree = SOURCE_ROOT; };
		8B699EEC2E838CB52082554A /* ofxDatGui.cpp */ = {isa = PBXFileReference; explicitFileType = sourcecode.cpp.cpp; fileEncoding = 30; name = ofxDatGui.cpp; path = "../../third-party/openFrameworks/addons/ofxDatGui/src/ofxDatGui.cpp"; sourceTree = SOURCE_ROOT; };
		8C2208E103C17F4A39DECE6F /* ofxGrtTimeseriesPlot.h */ = {isa = PBXFileReference; explicitFileType = sourcecode.c.h; fileEncoding = 30; name = ofxGrtTimeseriesPlot.h; path = "../../third-party/openFrameworks/addons/ofxGrt/src/ofxGrtTimeseriesPlot.h"; sourceTree = SOURCE_ROOT; };
		8FBE3DD02DBD21EB4812C6B1 /* ofxSlider.cpp */ = {isa = PBXFileReference; explicitFileType = sourcecode.cpp.cpp; fileEncoding = 30; name = ofxSlider.cpp; path = "../../third-party/openFrameworks/addons/ofxGui/src/ofxSlider.cpp"; sourceTree = SOURCE_ROOT; };
		9F470C57CD92526D67F7E4B8 /* plotter.h */ = {isa = PBXFileReference; explicitFileType = sourcecode.c.h; fileEncoding = 30; name = plotter.h; path = src/plotter.h; sourceTree = SOURCE_ROOT; };
		A047724C3CB291D0DD3E8610 /* ofxDatGuiTimeGraph.h */ = {isa = PBXFileReference; explicitFileType = sourcecode.c.h; fileEncoding = 30; name = ofxDatGuiTimeGraph.h; path = "../../third-party/openFrameworks/addons/ofxDatGui/src/components/ofxDatGuiTimeGraph.h"; sourceTree = SOURCE_ROOT; };
		A0B4FE6D3EADF19C5E8A120B /* ofxParagraph.cpp */ = {isa = PBXFileReference; explicitFileType = sourcecode.cpp.cpp; fileEncoding = 30; name = ofxParagraph.cpp; path = "../../third-party/openFrameworks/addons/ofxParagraph/src/ofxParagraph.cpp"; sourceTree = SOURCE_ROOT; };
		A97695183B2993F23875A518 /* ofxSliderGroup.h */ = {isa = PBXFileReference; explicitFileType = sourcecode.c.h; fileEncoding = 30; name = ofxSliderGroup.h; path = "../../third-party/openFrameworks/addons/ofxGui/src/ofxSliderGroup.h"; sourceTree = SOURCE_ROOT; };
		AA5BA44556C8DCB2CC4F6404 /* user_color_sensor.h */ = {isa = PBXFileReference; explicitFileType = sourcecode.c.h; fileEncoding = 30; name = user_color_sensor.h; path = src/user_color_sensor.h; sourceTree = SOURCE_ROOT; };
		B29062C5077E0EBE48BC1E5E /* ofxBaseGui.cpp */ = {isa = PBXFileReference; explicitFileType = sourcecode.cpp.cpp; fileEncoding = 30; name = ofxBaseGui.cpp; path = "../../third-party/openFrameworks/addons/ofxGui/src/ofxBaseGui.cpp"; sourceTree = SOURCE_ROOT; };
		B2BF0D43F88E6741A40E63F1 /* ofxDatGuiConstants.h */ = {isa = PBXFileReference; explicitFileType = sourcecode.c.h; fileEncoding = 30; name = ofxDatGuiConstants.h; path = "../../third-party/openFrameworks/addons/ofxDatGui/src/core/ofxDatGuiConstants.h"; sourceTree = SOURCE_ROOT; };
		B622729224CA2FE53AAF01A0 /* ofxDatGuiControls.h */ = {isa = PBXFileReference; explicitFileType = sourcecode.c.h; fileEncoding = 30; name = ofxDatGuiControls.h; path = "../../third-party/openFrameworks/addons/ofxDatGui/src/components/ofxDatGuiControls.h"; sourceTree = SOURCE_ROOT; };
		C1D604CD10BE6BD87CEE2129 /* ofxButton.h */ = {isa = PBXFileReference; explicitFileType = sourcecode.c.h; fileEncoding = 30; name = ofxButton.h; path = "../../third-party/openFrameworks/addons/ofxGui/src/ofxButton.h"; sourceTree = SOURCE_ROOT; };
		C6BB7735611A4E1064304E5A /* ofxToggle.h */ = {isa = PBXFileReference; explicitFileType = sourcecode.c.h; fileEncoding = 30; name = ofxToggle.h; path = "../../third-party/openFrameworks/addons/ofxGui/src/ofxToggle.h"; sourceTree = SOURCE_ROOT; };
		C8F6DA64B0955604B18EBFD5 /* ofxDatGuiThemes.h */ = {isa = PBXFileReference; explicitFileType = sourcecode.c.h; fileEncoding = 30; name = ofxDatGuiThemes.h; path = "../../third-party/openFrameworks/addons/ofxDatGui/src/themes/ofxDatGuiThemes.h"; sourceTree = SOURCE_ROOT; };
		CA04A68E6A155553BDF7A252 /* user_accelerometer_gestures.h */ = {isa = PBXFileReference; explicitFileType = sourcecode.c.h; fileEncoding = 30; name = user_accelerometer_gestures.h; path = src/user_accelerometer_gestures.h; sourceTree = SOURCE_ROOT; };
		CA2AF8F1C7D26400EE944467 /* ofxDatGuiMatrix.h */ = {isa = PBXFileReference; explicitFileType = sourcecode.c.h; fileEncoding = 30; name = ofxDatGuiMatrix.h; path = "../../third-party/openFrameworks/addons/ofxDatGui/src/components/ofxDatGuiMatrix.h"; sourceTree = SOURCE_ROOT; };
		D9D9E934E086DE128CB032CD /* ofxDatGuiColorPicker.h */ = {isa = PBXFileReference; explicitFileType = sourcecode.c.h; fileEncoding = 30; name = ofxDatGuiColorPicker.h; path = "../../third-party/openFrameworks/addons/ofxDatGui/src/components/ofxDatGuiColorPicker.h"; sourceTree = SOURCE_ROOT; };
		E28FFAE01315AB1CC3DFFE2E /* ofxSliderGroup.cpp */ = {isa = PBXFileReference; explicitFileType = sourcecode.cpp.cpp; fileEncoding = 30; name = ofxSliderGroup.cpp; path = "../../third-party/openFrameworks/addons/ofxGui/src/ofxSliderGroup.cpp"; sourceTree = SOURCE_ROOT; };
		E3F8FD848281046FF1DBEFC8 /* ofxSlider.h */ = {isa = PBXFileReference; explicitFileType = sourcecode.c.h; fileEncoding = 30; name = ofxSlider.h; path = "../../third-party/openFrameworks/addons/ofxGui/src/ofxSlider.h"; sourceTree = SOURCE_ROOT; };
		E4328143138ABC890047C5CB /* openFrameworksLib.xcodeproj */ = {isa = PBXFileReference; lastKnownFileType = "wrapper.pb-project"; name = openFrameworksLib.xcodeproj; path = "../../third-party/openFrameworks/libs/openFrameworksCompiled/project/osx/openFrameworksLib.xcodeproj"; sourceTree = SOURCE_ROOT; };
		E4B69B5B0A3A1756003C02F2 /* ESPDebug.app */ = {isa = PBXFileReference; explicitFileType = wrapper.application; includeInIndex = 0; path = ESPDebug.app; sourceTree = BUILT_PRODUCTS_DIR; };
		E4B69E1D0A3A1BDC003C02F2 /* main.cpp */ = {isa = PBXFileReference; fileEncoding = 30; lastKnownFileType = sourcecode.cpp.cpp; name = main.cpp; path = src/main.cpp; sourceTree = SOURCE_ROOT; };
		E4B69E1E0A3A1BDC003C02F2 /* ofApp.cpp */ = {isa = PBXFileReference; explicitFileType = sourcecode.cpp.cpp; fileEncoding = 30; name = ofApp.cpp; path = src/ofApp.cpp; sourceTree = SOURCE_ROOT; };
		E4B69E1F0A3A1BDC003C02F2 /* ofApp.h */ = {isa = PBXFileReference; fileEncoding = 30; lastKnownFileType = sourcecode.c.h; name = ofApp.h; path = src/ofApp.h; sourceTree = SOURCE_ROOT; };
		E4B6FCAD0C3E899E008CF71C /* openFrameworks-Info.plist */ = {isa = PBXFileReference; fileEncoding = 30; lastKnownFileType = text.plist.xml; path = "openFrameworks-Info.plist"; sourceTree = "<group>"; };
		E4EB691F138AFCF100A09F29 /* CoreOF.xcconfig */ = {isa = PBXFileReference; fileEncoding = 4; lastKnownFileType = text.xcconfig; name = CoreOF.xcconfig; path = "../../third-party/openFrameworks/libs/openFrameworksCompiled/project/osx/CoreOF.xcconfig"; sourceTree = SOURCE_ROOT; };
		E4EB6923138AFD0F00A09F29 /* Project.xcconfig */ = {isa = PBXFileReference; fileEncoding = 4; lastKnownFileType = text.xcconfig; path = Project.xcconfig; sourceTree = "<group>"; };
		E53D01ADA7297C38566E691F /* tuneable.h */ = {isa = PBXFileReference; explicitFileType = sourcecode.c.h; fileEncoding = 30; name = tuneable.h; path = src/tuneable.h; sourceTree = SOURCE_ROOT; };
		E8E4F579AC50F26DFCEA5753 /* ofxGrtMatrixPlot.h */ = {isa = PBXFileReference; explicitFileType = sourcecode.c.h; fileEncoding = 30; name = ofxGrtMatrixPlot.h; path = "../../third-party/openFrameworks/addons/ofxGrt/src/ofxGrtMatrixPlot.h"; sourceTree = SOURCE_ROOT; };
		EDFFC15C24D96B7A0E0970F8 /* ofxDatGuiIntObject.h */ = {isa = PBXFileReference; explicitFileType = sourcecode.c.h; fileEncoding = 30; name = ofxDatGuiIntObject.h; path = "../../third-party/openFrameworks/addons/ofxDatGui/src/core/ofxDatGuiIntObject.h"; sourceTree = SOURCE_ROOT; };
		F27487FA03169CDBC92552C4 /* ofxPanel.cpp */ = {isa = PBXFileReference; explicitFileType = sourcecode.cpp.cpp; fileEncoding = 30; name = ofxPanel.cpp; path = "../../third-party/openFrameworks/addons/ofxGui/src/ofxPanel.cpp"; sourceTree = SOURCE_ROOT; };
		FACCFB9E3EA79675FAB70179 /* ostream.cpp */ = {isa = PBXFileReference; explicitFileType = sourcecode.cpp.cpp; fileEncoding = 30; name = ostream.cpp; path = src/ostream.cpp; sourceTree = SOURCE_ROOT; };
		FC54DBBAA5B23FFE6E7FE620 /* ofxToggle.cpp */ = {isa = PBXFileReference; explicitFileType = sourcecode.cpp.cpp; fileEncoding = 30; name = ofxToggle.cpp; path = "../../third-party/openFrameworks/addons/ofxGui/src/ofxToggle.cpp"; sourceTree = SOURCE_ROOT; };
/* End PBXFileReference section */

/* Begin PBXFrameworksBuildPhase section */
		E4B69B590A3A1756003C02F2 /* Frameworks */ = {
			isa = PBXFrameworksBuildPhase;
			buildActionMask = 2147483647;
			files = (
				817BE7751CCB063E00FE581B /* libgrt.dylib in Frameworks */,
				E4328149138ABC9F0047C5CB /* openFrameworksDebug.a in Frameworks */,
			);
			runOnlyForDeploymentPostprocessing = 0;
		};
/* End PBXFrameworksBuildPhase section */

/* Begin PBXGroup section */
		0EF29D3ABD6E4147AE024D7A /* ofxSmartFont */ = {
			isa = PBXGroup;
			children = (
				00C32701B394C1DD8762AD1E /* ofxSmartFont.cpp */,
				282D6B378B12A303CCC10AC9 /* ofxSmartFont.h */,
			);
			name = ofxSmartFont;
			sourceTree = "<group>";
		};
		2877BAA6CBC8D4E5C28F2D34 /* ofxParagraph */ = {
			isa = PBXGroup;
			children = (
				D9D907CF8274F6B8060E4ABB /* src */,
			);
			name = ofxParagraph;
			sourceTree = "<group>";
		};
		480A780D8D0308AE4A368801 /* ofxGui */ = {
			isa = PBXGroup;
			children = (
				A763ED608B35AE3310251DEE /* src */,
			);
			name = ofxGui;
			sourceTree = "<group>";
		};
		497D66C71CC3232900D5C3DC /* ofxNetwork */ = {
			isa = PBXGroup;
			children = (
				497D66C81CC3232900D5C3DC /* src */,
			);
			name = ofxNetwork;
			sourceTree = "<group>";
		};
		497D66C81CC3232900D5C3DC /* src */ = {
			isa = PBXGroup;
			children = (
				497D66C91CC3232900D5C3DC /* ofxNetwork.h */,
				497D66CA1CC3232900D5C3DC /* ofxNetworkUtils.h */,
				497D66CB1CC3232900D5C3DC /* ofxTCPClient.cpp */,
				497D66CC1CC3232900D5C3DC /* ofxTCPClient.h */,
				497D66CD1CC3232900D5C3DC /* ofxTCPManager.cpp */,
				497D66CE1CC3232900D5C3DC /* ofxTCPManager.h */,
				497D66CF1CC3232900D5C3DC /* ofxTCPServer.cpp */,
				497D66D01CC3232900D5C3DC /* ofxTCPServer.h */,
				497D66D11CC3232900D5C3DC /* ofxUDPManager.cpp */,
				497D66D21CC3232900D5C3DC /* ofxUDPManager.h */,
			);
			name = src;
			path = "../../third-party/openFrameworks/addons/ofxNetwork/src";
			sourceTree = "<group>";
		};
		69146F0BA46E48E576618E5E /* libs */ = {
			isa = PBXGroup;
			children = (
				0EF29D3ABD6E4147AE024D7A /* ofxSmartFont */,
			);
			name = libs;
			sourceTree = "<group>";
		};
		6948EE371B920CB800B5AC1A /* local_addons */ = {
			isa = PBXGroup;
			children = (
			);
			name = local_addons;
			sourceTree = "<group>";
		};
		82E22615FB1180BAE563C3BF /* src */ = {
			isa = PBXGroup;
			children = (
				7A451F0A26AD1F6604C914AF /* ofxGrt.h */,
				7ACE6957882556257F46BB94 /* ofxGrtMatrixPlot.cpp */,
				E8E4F579AC50F26DFCEA5753 /* ofxGrtMatrixPlot.h */,
				3016C29D8E0735FBAEF55DFA /* ofxGrtTimeseriesPlot.cpp */,
				8C2208E103C17F4A39DECE6F /* ofxGrtTimeseriesPlot.h */,
			);
			name = src;
			sourceTree = "<group>";
		};
		8870759BC9CAEA1E4E9EA3A8 /* core */ = {
			isa = PBXGroup;
			children = (
				711F7111DF40061A3DC49469 /* ofxDatGuiComponent.cpp */,
				66F3ADBD2888068E11FF60AE /* ofxDatGuiComponent.h */,
				B2BF0D43F88E6741A40E63F1 /* ofxDatGuiConstants.h */,
				5C2E46669FF5622BBDD19D50 /* ofxDatGuiEvents.h */,
				EDFFC15C24D96B7A0E0970F8 /* ofxDatGuiIntObject.h */,
			);
			name = core;
			sourceTree = "<group>";
		};
		911FE1C75E520EE70A7B4830 /* themes */ = {
			isa = PBXGroup;
			children = (
				6F37BA38F428973FAF939B4A /* ofxDatGuiTheme.h */,
				C8F6DA64B0955604B18EBFD5 /* ofxDatGuiThemes.h */,
			);
			name = themes;
			sourceTree = "<group>";
		};
		947FCD1248D8B0A16B53C1AA /* components */ = {
			isa = PBXGroup;
			children = (
				758A107287611C953539AF3F /* ofxDatGui2dPad.h */,
				7DCB1F9D3560D19E614EEA45 /* ofxDatGuiButton.h */,
				D9D9E934E086DE128CB032CD /* ofxDatGuiColorPicker.h */,
				B622729224CA2FE53AAF01A0 /* ofxDatGuiControls.h */,
				05DA5E2790D1660300433C54 /* ofxDatGuiFRM.h */,
				06AB5C007F9ABA878C941FA0 /* ofxDatGuiGroups.h */,
				39DCD28624E94A4ECBBCA522 /* ofxDatGuiLabel.h */,
				CA2AF8F1C7D26400EE944467 /* ofxDatGuiMatrix.h */,
				3C7436EA662FF05FD6BB9350 /* ofxDatGuiScrollView.h */,
				806F715C55B9B786D65F7B33 /* ofxDatGuiSlider.h */,
				787A0D517B1A87C9E9E5D821 /* ofxDatGuiTextBlock.h */,
				879E8BE84F6F719ED42446C3 /* ofxDatGuiTextInput.h */,
				55A01C11669CD56E9FEBE44F /* ofxDatGuiTextInputField.h */,
				A047724C3CB291D0DD3E8610 /* ofxDatGuiTimeGraph.h */,
			);
			name = components;
			sourceTree = "<group>";
		};
		A763ED608B35AE3310251DEE /* src */ = {
			isa = PBXGroup;
			children = (
				B29062C5077E0EBE48BC1E5E /* ofxBaseGui.cpp */,
				4C42376EF0C93B60AB080532 /* ofxBaseGui.h */,
				17C83082A0E9F6D2BB7FE07D /* ofxButton.cpp */,
				C1D604CD10BE6BD87CEE2129 /* ofxButton.h */,
				33AE35DBE2EBE926124EFA8A /* ofxGui.h */,
				1F8E989A07FC7623F211CE84 /* ofxGuiGroup.cpp */,
				33590F0CD7DAD6FE90515E35 /* ofxGuiGroup.h */,
				64F25F34C1FF51D1DEB91164 /* ofxLabel.cpp */,
				6EFCEE1D53FA8941E6503D8E /* ofxLabel.h */,
				F27487FA03169CDBC92552C4 /* ofxPanel.cpp */,
				00CE9583E881F7E346D71B77 /* ofxPanel.h */,
				8FBE3DD02DBD21EB4812C6B1 /* ofxSlider.cpp */,
				E3F8FD848281046FF1DBEFC8 /* ofxSlider.h */,
				E28FFAE01315AB1CC3DFFE2E /* ofxSliderGroup.cpp */,
				A97695183B2993F23875A518 /* ofxSliderGroup.h */,
				FC54DBBAA5B23FFE6E7FE620 /* ofxToggle.cpp */,
				C6BB7735611A4E1064304E5A /* ofxToggle.h */,
			);
			name = src;
			sourceTree = "<group>";
		};
		BB4B014C10F69532006C3DED /* addons */ = {
			isa = PBXGroup;
			children = (
				D8DD1043C333F6F63C8685E6 /* ofxDatGui */,
				C567550D3311A5493C1231D0 /* ofxGrt */,
				480A780D8D0308AE4A368801 /* ofxGui */,
				2877BAA6CBC8D4E5C28F2D34 /* ofxParagraph */,
				497D66C71CC3232900D5C3DC /* ofxNetwork */,
			);
			name = addons;
			sourceTree = "<group>";
		};
		C567550D3311A5493C1231D0 /* ofxGrt */ = {
			isa = PBXGroup;
			children = (
				82E22615FB1180BAE563C3BF /* src */,
			);
			name = ofxGrt;
			sourceTree = "<group>";
		};
		D8DD1043C333F6F63C8685E6 /* ofxDatGui */ = {
			isa = PBXGroup;
			children = (
				E9B32C117486580389FAFF01 /* src */,
			);
			name = ofxDatGui;
			sourceTree = "<group>";
		};
		D9D907CF8274F6B8060E4ABB /* src */ = {
			isa = PBXGroup;
			children = (
				A0B4FE6D3EADF19C5E8A120B /* ofxParagraph.cpp */,
				52607E0BCED30FC46E5947AF /* ofxParagraph.h */,
			);
			name = src;
			sourceTree = "<group>";
		};
		E4328144138ABC890047C5CB /* Products */ = {
			isa = PBXGroup;
			children = (
				E4328148138ABC890047C5CB /* openFrameworksDebug.a */,
			);
			name = Products;
			sourceTree = "<group>";
		};
		E4B69B4A0A3A1720003C02F2 = {
			isa = PBXGroup;
			children = (
				817BE7741CCB063E00FE581B /* libgrt.dylib */,
				E4B6FCAD0C3E899E008CF71C /* openFrameworks-Info.plist */,
				E4EB6923138AFD0F00A09F29 /* Project.xcconfig */,
				E4B69E1C0A3A1BDC003C02F2 /* src */,
				E4EEC9E9138DF44700A80321 /* openFrameworks */,
				BB4B014C10F69532006C3DED /* addons */,
				6948EE371B920CB800B5AC1A /* local_addons */,
				E4B69B5B0A3A1756003C02F2 /* ESPDebug.app */,
			);
			sourceTree = "<group>";
		};
		E4B69E1C0A3A1BDC003C02F2 /* src */ = {
			isa = PBXGroup;
			children = (
				E4B69E1D0A3A1BDC003C02F2 /* main.cpp */,
				E4B69E1E0A3A1BDC003C02F2 /* ofApp.cpp */,
				E4B69E1F0A3A1BDC003C02F2 /* ofApp.h */,
				49F58CC21CACBECA005F322C /* calibrator.cpp */,
				49F58CC31CACBECA005F322C /* calibrator.h */,
				18C4BE08EEF363F2E25EBFC4 /* istream.cpp */,
				6F8100B5C8574131C4571B8A /* istream.h */,
				FACCFB9E3EA79675FAB70179 /* ostream.cpp */,
				2037A4196661293164557E30 /* ostream.h */,
				9F470C57CD92526D67F7E4B8 /* plotter.h */,
				49341C4E1CC9EF0200C9F7C4 /* plotter.cpp */,
				2FF4BD20EA806510FB8490D2 /* ESP.h */,
				3B41658326AAF509E0B38863 /* tuneable.cpp */,
				E53D01ADA7297C38566E691F /* tuneable.h */,
				5939D84F8D015C2971814643 /* user.h */,
				CA04A68E6A155553BDF7A252 /* user_accelerometer_gestures.h */,
				6B92F1EA749EF18D2462EF7D /* user_accelerometer_poses.h */,
				0AD12F507A410105D2618288 /* user_audio_beat.h */,
				1F26CF2A468F99CE667E11E9 /* user_capacitive_sensing.h */,
				AA5BA44556C8DCB2CC4F6404 /* user_color_sensor.h */,
			);
			path = src;
			sourceTree = SOURCE_ROOT;
		};
		E4EEC9E9138DF44700A80321 /* openFrameworks */ = {
			isa = PBXGroup;
			children = (
				E4EB691F138AFCF100A09F29 /* CoreOF.xcconfig */,
				E4328143138ABC890047C5CB /* openFrameworksLib.xcodeproj */,
			);
			name = openFrameworks;
			sourceTree = "<group>";
		};
		E9B32C117486580389FAFF01 /* src */ = {
			isa = PBXGroup;
			children = (
				947FCD1248D8B0A16B53C1AA /* components */,
				8870759BC9CAEA1E4E9EA3A8 /* core */,
				69146F0BA46E48E576618E5E /* libs */,
				8B699EEC2E838CB52082554A /* ofxDatGui.cpp */,
				5174E480FBF38C3788C29798 /* ofxDatGui.h */,
				911FE1C75E520EE70A7B4830 /* themes */,
			);
			name = src;
			sourceTree = "<group>";
		};
/* End PBXGroup section */

/* Begin PBXNativeTarget section */
		E4B69B5A0A3A1756003C02F2 /* ESP */ = {
			isa = PBXNativeTarget;
			buildConfigurationList = E4B69B5F0A3A1757003C02F2 /* Build configuration list for PBXNativeTarget "ESP" */;
			buildPhases = (
				E4B69B580A3A1756003C02F2 /* Sources */,
				E4B69B590A3A1756003C02F2 /* Frameworks */,
				E4B6FFFD0C3F9AB9008CF71C /* ShellScript */,
				E4C2427710CC5ABF004149E2 /* CopyFiles */,
				8466F1851C04CA0E00918B1C /* ShellScript */,
			);
			buildRules = (
			);
			dependencies = (
				E4EEB9AC138B136A00A80321 /* PBXTargetDependency */,
			);
			name = ESP;
			productName = myOFApp;
			productReference = E4B69B5B0A3A1756003C02F2 /* ESPDebug.app */;
			productType = "com.apple.product-type.application";
		};
/* End PBXNativeTarget section */

/* Begin PBXProject section */
		E4B69B4C0A3A1720003C02F2 /* Project object */ = {
			isa = PBXProject;
			attributes = {
				LastUpgradeCheck = 0730;
			};
			buildConfigurationList = E4B69B4D0A3A1720003C02F2 /* Build configuration list for PBXProject "ESP" */;
			compatibilityVersion = "Xcode 3.2";
			developmentRegion = English;
			hasScannedForEncodings = 0;
			knownRegions = (
				English,
				Japanese,
				French,
				German,
			);
			mainGroup = E4B69B4A0A3A1720003C02F2;
			productRefGroup = E4B69B4A0A3A1720003C02F2;
			projectDirPath = "";
			projectReferences = (
				{
					ProductGroup = E4328144138ABC890047C5CB /* Products */;
					ProjectRef = E4328143138ABC890047C5CB /* openFrameworksLib.xcodeproj */;
				},
			);
			projectRoot = "";
			targets = (
				E4B69B5A0A3A1756003C02F2 /* ESP */,
			);
		};
/* End PBXProject section */

/* Begin PBXReferenceProxy section */
		E4328148138ABC890047C5CB /* openFrameworksDebug.a */ = {
			isa = PBXReferenceProxy;
			fileType = archive.ar;
			path = openFrameworksDebug.a;
			remoteRef = E4328147138ABC890047C5CB /* PBXContainerItemProxy */;
			sourceTree = BUILT_PRODUCTS_DIR;
		};
/* End PBXReferenceProxy section */

/* Begin PBXShellScriptBuildPhase section */
		8466F1851C04CA0E00918B1C /* ShellScript */ = {
			isa = PBXShellScriptBuildPhase;
			buildActionMask = 12;
			files = (
			);
			inputPaths = (
			);
			outputPaths = (
			);
			runOnlyForDeploymentPostprocessing = 0;
			shellPath = /bin/sh;
			shellScript = "# ---- Code Sign App Package ----\n \n# WARNING: You may have to run Clean in Xcode after changing CODE_SIGN_IDENTITY!\n\n# Verify that $CODE_SIGN_IDENTITY is set\nif [ -z \"${CODE_SIGN_IDENTITY}\" ] ; then\necho \"CODE_SIGN_IDENTITY needs to be set for framework code-signing\"\nexit 0\nfi\n\nif [ -z \"${CODE_SIGN_ENTITLEMENTS}\" ] ; then\necho \"CODE_SIGN_ENTITLEMENTS needs to be set for framework code-signing!\"\n\nif [ \"${CONFIGURATION}\" = \"Release\" ] ; then\nexit 1\nelse\n# Code-signing is optional for non-release builds.\nexit 0\nfi\nfi\n\nITEMS=\"\"\n\nFRAMEWORKS_DIR=\"${TARGET_BUILD_DIR}/${FRAMEWORKS_FOLDER_PATH}\"\necho \"$FRAMEWORKS_DIR\"\nif [ -d \"$FRAMEWORKS_DIR\" ] ; then\nFRAMEWORKS=$(find \"${FRAMEWORKS_DIR}\" -depth -type d -name \"*.framework\" -or -name \"*.dylib\" -or -name \"*.bundle\" | sed -e \"s/\\(.*framework\\)/\\1\\/Versions\\/A\\//\")\nRESULT=$?\nif [[ $RESULT != 0 ]] ; then\nexit 1\nfi\n\nITEMS=\"${FRAMEWORKS}\"\nfi\n\nLOGINITEMS_DIR=\"${TARGET_BUILD_DIR}/${CONTENTS_FOLDER_PATH}/Library/LoginItems/\"\nif [ -d \"$LOGINITEMS_DIR\" ] ; then\nLOGINITEMS=$(find \"${LOGINITEMS_DIR}\" -depth -type d -name \"*.app\")\nRESULT=$?\nif [[ $RESULT != 0 ]] ; then\nexit 1\nfi\n\nITEMS=\"${ITEMS}\"$'\\n'\"${LOGINITEMS}\"\nfi\n\n# Prefer the expanded name, if available.\nCODE_SIGN_IDENTITY_FOR_ITEMS=\"${EXPANDED_CODE_SIGN_IDENTITY_NAME}\"\nif [ \"${CODE_SIGN_IDENTITY_FOR_ITEMS}\" = \"\" ] ; then\n# Fall back to old behavior.\nCODE_SIGN_IDENTITY_FOR_ITEMS=\"${CODE_SIGN_IDENTITY}\"\nfi\n\necho \"Identity:\"\necho \"${CODE_SIGN_IDENTITY_FOR_ITEMS}\"\n\necho \"Entitlements:\"\necho \"${CODE_SIGN_ENTITLEMENTS}\"\n\necho \"Found:\"\necho \"${ITEMS}\"\n\n# Change the Internal Field Separator (IFS) so that spaces in paths will not cause problems below.\nSAVED_IFS=$IFS\nIFS=$(echo -en \"\\n\\b\")\n\n# Loop through all items.\nfor ITEM in $ITEMS;\ndo\necho \"Signing '${ITEM}'\"\ncodesign --force --verbose --sign \"${CODE_SIGN_IDENTITY_FOR_ITEMS}\" --entitlements \"${CODE_SIGN_ENTITLEMENTS}\" \"${ITEM}\"\nRESULT=$?\nif [[ $RESULT != 0 ]] ; then\necho \"Failed to sign '${ITEM}'.\"\nIFS=$SAVED_IFS\nexit 1\nfi\ndone\n\n# Restore $IFS.\nIFS=$SAVED_IFS\n";
		};
		E4B6FFFD0C3F9AB9008CF71C /* ShellScript */ = {
			isa = PBXShellScriptBuildPhase;
			buildActionMask = 2147483647;
			files = (
			);
			inputPaths = (
			);
			outputPaths = (
			);
			runOnlyForDeploymentPostprocessing = 0;
			shellPath = /bin/sh;
			shellScript = "mkdir -p \"$TARGET_BUILD_DIR/$PRODUCT_NAME.app/Contents/Resources/\"\n# Copy default icon file into App/Resources\nrsync -aved \"$ICON_FILE\" \"$TARGET_BUILD_DIR/$PRODUCT_NAME.app/Contents/Resources/\"\n# Copy bin/data into App/Resources\nrsync -avz --exclude='.DS_Store' \"${SRCROOT}/bin/data/\" \"${TARGET_BUILD_DIR}/${UNLOCALIZED_RESOURCES_FOLDER_PATH}/data/\"\n# Copy libfmod and change install directory for fmod to run\nrsync -aved ../../third-party/openFrameworks/libs/fmodex/lib/osx/libfmodex.dylib \"$TARGET_BUILD_DIR/$PRODUCT_NAME.app/Contents/Frameworks/\";\ninstall_name_tool -change @executable_path/libfmodex.dylib @executable_path/../Frameworks/libfmodex.dylib \"$TARGET_BUILD_DIR/$PRODUCT_NAME.app/Contents/MacOS/$PRODUCT_NAME\";\n# Copy GLUT framework (must remove for AppStore submissions)\nrsync -aved ../../third-party/openFrameworks/libs/glut/lib/osx/GLUT.framework \"$TARGET_BUILD_DIR/$PRODUCT_NAME.app/Contents/Frameworks/\"\n";
		};
/* End PBXShellScriptBuildPhase section */

/* Begin PBXSourcesBuildPhase section */
		E4B69B580A3A1756003C02F2 /* Sources */ = {
			isa = PBXSourcesBuildPhase;
			buildActionMask = 2147483647;
			files = (
				E4B69E200A3A1BDC003C02F2 /* main.cpp in Sources */,
				497D66D51CC3232900D5C3DC /* ofxTCPServer.cpp in Sources */,
				E4B69E210A3A1BDC003C02F2 /* ofApp.cpp in Sources */,
				497D66D61CC3232900D5C3DC /* ofxUDPManager.cpp in Sources */,
				49F58CC41CACBECA005F322C /* calibrator.cpp in Sources */,
				48F7FEF8914B64EA7053CD0A /* istream.cpp in Sources */,
				357D15F566DCDFCB63C78A2A /* ostream.cpp in Sources */,
				50958D8DFAF12469DAFEB044 /* tuneable.cpp in Sources */,
				306E281E881AEFC343501AF8 /* ofxDatGuiComponent.cpp in Sources */,
				637A06C23B6F54498F35B81F /* ofxSmartFont.cpp in Sources */,
				9E339FEC563CF250C60DBD84 /* ofxDatGui.cpp in Sources */,
				E2565612498DE15079C283A3 /* ofxGrtMatrixPlot.cpp in Sources */,
				798434EF9EE5EE2E41E2F0DE /* ofxGrtTimeseriesPlot.cpp in Sources */,
				A9F16933D69101A8B2D7DC24 /* ofxBaseGui.cpp in Sources */,
				281E397702AFF84B373377A5 /* ofxButton.cpp in Sources */,
				ED0398432D326C847E821F12 /* ofxGuiGroup.cpp in Sources */,
				B5B6A3DBA86CA86AD71CDE31 /* ofxLabel.cpp in Sources */,
				4C01A7D4BC8BE15DE60CCB82 /* ofxPanel.cpp in Sources */,
				DD956AF23DA8C97565D245E4 /* ofxSlider.cpp in Sources */,
				F21B1E9A4D08953A47D1411A /* ofxSliderGroup.cpp in Sources */,
				53560FBFF75362D7BE463255 /* ofxToggle.cpp in Sources */,
				49341C4F1CC9EF0200C9F7C4 /* plotter.cpp in Sources */,
				E53A43EAD208AC6F06A451D3 /* ofxParagraph.cpp in Sources */,
				497D66D31CC3232900D5C3DC /* ofxTCPClient.cpp in Sources */,
				497D66D41CC3232900D5C3DC /* ofxTCPManager.cpp in Sources */,
			);
			runOnlyForDeploymentPostprocessing = 0;
		};
/* End PBXSourcesBuildPhase section */

/* Begin PBXTargetDependency section */
		E4EEB9AC138B136A00A80321 /* PBXTargetDependency */ = {
			isa = PBXTargetDependency;
			name = openFrameworks;
			targetProxy = E4EEB9AB138B136A00A80321 /* PBXContainerItemProxy */;
		};
/* End PBXTargetDependency section */

/* Begin XCBuildConfiguration section */
		E4B69B4E0A3A1720003C02F2 /* Debug */ = {
			isa = XCBuildConfiguration;
			baseConfigurationReference = E4EB6923138AFD0F00A09F29 /* Project.xcconfig */;
			buildSettings = {
				CONFIGURATION_BUILD_DIR = "$(SRCROOT)/bin/";
				COPY_PHASE_STRIP = NO;
				DEAD_CODE_STRIPPING = YES;
				ENABLE_TESTABILITY = YES;
				GCC_AUTO_VECTORIZATION = YES;
				GCC_ENABLE_SSE3_EXTENSIONS = YES;
				GCC_ENABLE_SUPPLEMENTAL_SSE3_INSTRUCTIONS = YES;
				GCC_INLINES_ARE_PRIVATE_EXTERN = NO;
				GCC_OPTIMIZATION_LEVEL = 0;
				GCC_SYMBOLS_PRIVATE_EXTERN = NO;
				GCC_WARN_ABOUT_DEPRECATED_FUNCTIONS = YES;
				GCC_WARN_ABOUT_INVALID_OFFSETOF_MACRO = NO;
				GCC_WARN_ALLOW_INCOMPLETE_PROTOCOL = NO;
				GCC_WARN_UNINITIALIZED_AUTOS = NO;
				GCC_WARN_UNUSED_VALUE = NO;
				GCC_WARN_UNUSED_VARIABLE = NO;
				HEADER_SEARCH_PATHS = (
					"$(OF_CORE_HEADERS)",
					src,
					"../../third-party/openFrameworks/addons/ofxDatGui/src",
					"../../third-party/openFrameworks/addons/ofxDatGui/src/components",
					"../../third-party/openFrameworks/addons/ofxDatGui/src/core",
					"../../third-party/openFrameworks/addons/ofxDatGui/src/libs",
					"../../third-party/openFrameworks/addons/ofxDatGui/src/libs/ofxParagraph",
					"../../third-party/openFrameworks/addons/ofxDatGui/src/libs/ofxParagraph/example",
					"../../third-party/openFrameworks/addons/ofxDatGui/src/libs/ofxParagraph/example/bin",
					"../../third-party/openFrameworks/addons/ofxDatGui/src/libs/ofxParagraph/example/bin/data",
					"../../third-party/openFrameworks/addons/ofxDatGui/src/libs/ofxParagraph/example/bin/data/raleway",
					"../../third-party/openFrameworks/addons/ofxDatGui/src/libs/ofxParagraph/example/example.xcodeproj",
					"../../third-party/openFrameworks/addons/ofxDatGui/src/libs/ofxParagraph/example/example.xcodeproj/xcshareddata",
					"../../third-party/openFrameworks/addons/ofxDatGui/src/libs/ofxParagraph/example/example.xcodeproj/xcshareddata/xcschemes",
					"../../third-party/openFrameworks/addons/ofxDatGui/src/libs/ofxParagraph/example/src",
					"../../third-party/openFrameworks/addons/ofxDatGui/src/libs/ofxParagraph/modules",
					"../../third-party/openFrameworks/addons/ofxDatGui/src/libs/ofxParagraph/modules/ofxSmartFont",
					"../../third-party/openFrameworks/addons/ofxDatGui/src/libs/ofxParagraph/readme-img",
					"../../third-party/openFrameworks/addons/ofxDatGui/src/libs/ofxParagraph/src",
					"../../third-party/openFrameworks/addons/ofxDatGui/src/libs/ofxSmartFont",
					"../../third-party/openFrameworks/addons/ofxDatGui/src/themes",
					"../../third-party/openFrameworks/addons/ofxGrt/src",
					/usr/local/include,
					"../../third-party/openFrameworks/addons/ofxGui/src",
					"../../third-party/openFrameworks/addons/ofxParagraph/src",
				);
				MACOSX_DEPLOYMENT_TARGET = 10.8;
				ONLY_ACTIVE_ARCH = YES;
				OTHER_CPLUSPLUSFLAGS = (
					"-D__MACOSX_CORE__",
					"-mtune=native",
				);
				OTHER_LDFLAGS = (
					"$(OF_CORE_FRAMEWORKS)",
					"$(OF_CORE_LIBS)",
					"-L/usr/local/lib",
					"-lgrt",
				);
				SDKROOT = macosx;
			};
			name = Debug;
		};
		E4B69B4F0A3A1720003C02F2 /* Release */ = {
			isa = XCBuildConfiguration;
			baseConfigurationReference = E4EB6923138AFD0F00A09F29 /* Project.xcconfig */;
			buildSettings = {
				CONFIGURATION_BUILD_DIR = "$(SRCROOT)/bin/";
				COPY_PHASE_STRIP = YES;
				DEAD_CODE_STRIPPING = YES;
				GCC_AUTO_VECTORIZATION = YES;
				GCC_ENABLE_SSE3_EXTENSIONS = YES;
				GCC_ENABLE_SUPPLEMENTAL_SSE3_INSTRUCTIONS = YES;
				GCC_INLINES_ARE_PRIVATE_EXTERN = NO;
				GCC_OPTIMIZATION_LEVEL = 3;
				GCC_SYMBOLS_PRIVATE_EXTERN = NO;
				GCC_UNROLL_LOOPS = YES;
				GCC_WARN_ABOUT_DEPRECATED_FUNCTIONS = YES;
				GCC_WARN_ABOUT_INVALID_OFFSETOF_MACRO = NO;
				GCC_WARN_ALLOW_INCOMPLETE_PROTOCOL = NO;
				GCC_WARN_UNINITIALIZED_AUTOS = NO;
				GCC_WARN_UNUSED_VALUE = NO;
				GCC_WARN_UNUSED_VARIABLE = NO;
				HEADER_SEARCH_PATHS = (
					"$(OF_CORE_HEADERS)",
					src,
					"../../third-party/openFrameworks/addons/ofxDatGui/src",
					"../../third-party/openFrameworks/addons/ofxDatGui/src/components",
					"../../third-party/openFrameworks/addons/ofxDatGui/src/core",
					"../../third-party/openFrameworks/addons/ofxDatGui/src/libs",
					"../../third-party/openFrameworks/addons/ofxDatGui/src/libs/ofxParagraph",
					"../../third-party/openFrameworks/addons/ofxDatGui/src/libs/ofxParagraph/example",
					"../../third-party/openFrameworks/addons/ofxDatGui/src/libs/ofxParagraph/example/bin",
					"../../third-party/openFrameworks/addons/ofxDatGui/src/libs/ofxParagraph/example/bin/data",
					"../../third-party/openFrameworks/addons/ofxDatGui/src/libs/ofxParagraph/example/bin/data/raleway",
					"../../third-party/openFrameworks/addons/ofxDatGui/src/libs/ofxParagraph/example/example.xcodeproj",
					"../../third-party/openFrameworks/addons/ofxDatGui/src/libs/ofxParagraph/example/example.xcodeproj/xcshareddata",
					"../../third-party/openFrameworks/addons/ofxDatGui/src/libs/ofxParagraph/example/example.xcodeproj/xcshareddata/xcschemes",
					"../../third-party/openFrameworks/addons/ofxDatGui/src/libs/ofxParagraph/example/src",
					"../../third-party/openFrameworks/addons/ofxDatGui/src/libs/ofxParagraph/modules",
					"../../third-party/openFrameworks/addons/ofxDatGui/src/libs/ofxParagraph/modules/ofxSmartFont",
					"../../third-party/openFrameworks/addons/ofxDatGui/src/libs/ofxParagraph/readme-img",
					"../../third-party/openFrameworks/addons/ofxDatGui/src/libs/ofxParagraph/src",
					"../../third-party/openFrameworks/addons/ofxDatGui/src/libs/ofxSmartFont",
					"../../third-party/openFrameworks/addons/ofxDatGui/src/themes",
					"../../third-party/openFrameworks/addons/ofxGrt/src",
					/usr/local/include,
					"../../third-party/openFrameworks/addons/ofxGui/src",
					"../../third-party/openFrameworks/addons/ofxParagraph/src",
				);
				MACOSX_DEPLOYMENT_TARGET = 10.8;
				OTHER_CPLUSPLUSFLAGS = (
					"-D__MACOSX_CORE__",
					"-mtune=native",
				);
				OTHER_LDFLAGS = (
					"$(OF_CORE_FRAMEWORKS)",
					"$(OF_CORE_LIBS)",
					"-L/usr/local/lib",
					"-lgrt",
				);
				SDKROOT = macosx;
			};
			name = Release;
		};
		E4B69B600A3A1757003C02F2 /* Debug */ = {
			isa = XCBuildConfiguration;
			baseConfigurationReference = E4EB6923138AFD0F00A09F29 /* Project.xcconfig */;
			buildSettings = {
				COMBINE_HIDPI_IMAGES = YES;
				COPY_PHASE_STRIP = NO;
				FRAMEWORK_SEARCH_PATHS = (
					"$(inherited)",
					"$(FRAMEWORK_SEARCH_PATHS_QUOTED_FOR_TARGET_1)",
				);
				FRAMEWORK_SEARCH_PATHS_QUOTED_FOR_TARGET_1 = "\"$(SRCROOT)/../../third-party/openFrameworks/libs/glut/lib/osx\"";
				GCC_DYNAMIC_NO_PIC = NO;
				GCC_GENERATE_DEBUGGING_SYMBOLS = YES;
				GCC_MODEL_TUNING = NONE;
				HEADER_SEARCH_PATHS = (
					"$(OF_CORE_HEADERS)",
					src,
					"../../third-party/openFrameworks/addons/ofxDatGui/src",
					"../../third-party/openFrameworks/addons/ofxDatGui/src/components",
					"../../third-party/openFrameworks/addons/ofxDatGui/src/core",
					"../../third-party/openFrameworks/addons/ofxDatGui/src/libs",
					"../../third-party/openFrameworks/addons/ofxDatGui/src/libs/ofxParagraph",
					"../../third-party/openFrameworks/addons/ofxDatGui/src/libs/ofxParagraph/example",
					"../../third-party/openFrameworks/addons/ofxDatGui/src/libs/ofxParagraph/example/bin",
					"../../third-party/openFrameworks/addons/ofxDatGui/src/libs/ofxParagraph/example/bin/data",
					"../../third-party/openFrameworks/addons/ofxDatGui/src/libs/ofxParagraph/example/bin/data/raleway",
					"../../third-party/openFrameworks/addons/ofxDatGui/src/libs/ofxParagraph/example/example.xcodeproj",
					"../../third-party/openFrameworks/addons/ofxDatGui/src/libs/ofxParagraph/example/example.xcodeproj/xcshareddata",
					"../../third-party/openFrameworks/addons/ofxDatGui/src/libs/ofxParagraph/example/example.xcodeproj/xcshareddata/xcschemes",
					"../../third-party/openFrameworks/addons/ofxDatGui/src/libs/ofxParagraph/example/src",
					"../../third-party/openFrameworks/addons/ofxDatGui/src/libs/ofxParagraph/modules",
					"../../third-party/openFrameworks/addons/ofxDatGui/src/libs/ofxParagraph/modules/ofxSmartFont",
					"../../third-party/openFrameworks/addons/ofxDatGui/src/libs/ofxParagraph/readme-img",
					"../../third-party/openFrameworks/addons/ofxDatGui/src/libs/ofxParagraph/src",
					"../../third-party/openFrameworks/addons/ofxDatGui/src/libs/ofxSmartFont",
					"../../third-party/openFrameworks/addons/ofxDatGui/src/themes",
					"../../third-party/openFrameworks/addons/ofxGrt/src",
					/usr/local/include,
					"../../third-party/openFrameworks/addons/ofxGui/src",
					"../../third-party/openFrameworks/addons/ofxParagraph/src",
				);
				ICON = "$(ICON_NAME_DEBUG)";
				ICON_FILE = "$(ICON_FILE_PATH)$(ICON)";
				INFOPLIST_FILE = "openFrameworks-Info.plist";
				INSTALL_PATH = /Applications;
				LIBRARY_SEARCH_PATHS = (
					"$(inherited)",
					"$(PROJECT_DIR)",
				);
				OTHER_LDFLAGS = (
					"$(OF_CORE_FRAMEWORKS)",
					"$(OF_CORE_LIBS)",
					"-L/usr/local/lib",
					"-lgrt",
				);
				PRODUCT_BUNDLE_IDENTIFIER = cc.openFrameworks.ofapp;
				PRODUCT_NAME = ESPDebug;
				USER_HEADER_SEARCH_PATHS = "";
				WRAPPER_EXTENSION = app;
			};
			name = Debug;
		};
		E4B69B610A3A1757003C02F2 /* Release */ = {
			isa = XCBuildConfiguration;
			baseConfigurationReference = E4EB6923138AFD0F00A09F29 /* Project.xcconfig */;
			buildSettings = {
				COMBINE_HIDPI_IMAGES = YES;
				COPY_PHASE_STRIP = YES;
				FRAMEWORK_SEARCH_PATHS = (
					"$(inherited)",
					"$(FRAMEWORK_SEARCH_PATHS_QUOTED_FOR_TARGET_1)",
				);
				FRAMEWORK_SEARCH_PATHS_QUOTED_FOR_TARGET_1 = "\"$(SRCROOT)/../../third-party/openFrameworks/libs/glut/lib/osx\"";
				GCC_GENERATE_DEBUGGING_SYMBOLS = YES;
				GCC_MODEL_TUNING = NONE;
				HEADER_SEARCH_PATHS = (
					"$(OF_CORE_HEADERS)",
					src,
					"../../third-party/openFrameworks/addons/ofxDatGui/src",
					"../../third-party/openFrameworks/addons/ofxDatGui/src/components",
					"../../third-party/openFrameworks/addons/ofxDatGui/src/core",
					"../../third-party/openFrameworks/addons/ofxDatGui/src/libs",
					"../../third-party/openFrameworks/addons/ofxDatGui/src/libs/ofxParagraph",
					"../../third-party/openFrameworks/addons/ofxDatGui/src/libs/ofxParagraph/example",
					"../../third-party/openFrameworks/addons/ofxDatGui/src/libs/ofxParagraph/example/bin",
					"../../third-party/openFrameworks/addons/ofxDatGui/src/libs/ofxParagraph/example/bin/data",
					"../../third-party/openFrameworks/addons/ofxDatGui/src/libs/ofxParagraph/example/bin/data/raleway",
					"../../third-party/openFrameworks/addons/ofxDatGui/src/libs/ofxParagraph/example/example.xcodeproj",
					"../../third-party/openFrameworks/addons/ofxDatGui/src/libs/ofxParagraph/example/example.xcodeproj/xcshareddata",
					"../../third-party/openFrameworks/addons/ofxDatGui/src/libs/ofxParagraph/example/example.xcodeproj/xcshareddata/xcschemes",
					"../../third-party/openFrameworks/addons/ofxDatGui/src/libs/ofxParagraph/example/src",
					"../../third-party/openFrameworks/addons/ofxDatGui/src/libs/ofxParagraph/modules",
					"../../third-party/openFrameworks/addons/ofxDatGui/src/libs/ofxParagraph/modules/ofxSmartFont",
					"../../third-party/openFrameworks/addons/ofxDatGui/src/libs/ofxParagraph/readme-img",
					"../../third-party/openFrameworks/addons/ofxDatGui/src/libs/ofxParagraph/src",
					"../../third-party/openFrameworks/addons/ofxDatGui/src/libs/ofxSmartFont",
					"../../third-party/openFrameworks/addons/ofxDatGui/src/themes",
					"../../third-party/openFrameworks/addons/ofxGrt/src",
					/usr/local/include,
					"../../third-party/openFrameworks/addons/ofxGui/src",
					"../../third-party/openFrameworks/addons/ofxParagraph/src",
				);
				ICON = "$(ICON_NAME_RELEASE)";
				ICON_FILE = "$(ICON_FILE_PATH)$(ICON)";
				INFOPLIST_FILE = "openFrameworks-Info.plist";
				INSTALL_PATH = /Applications;
				LIBRARY_SEARCH_PATHS = (
					"$(inherited)",
					"$(PROJECT_DIR)",
				);
				OTHER_LDFLAGS = (
					"$(OF_CORE_FRAMEWORKS)",
					"$(OF_CORE_LIBS)",
					"-L/usr/local/lib",
					"-lgrt",
				);
				PRODUCT_BUNDLE_IDENTIFIER = cc.openFrameworks.ofapp;
				PRODUCT_NAME = ESPDebug;
				USER_HEADER_SEARCH_PATHS = "";
				WRAPPER_EXTENSION = app;
				baseConfigurationReference = E4EB6923138AFD0F00A09F29;
			};
			name = Release;
		};
/* End XCBuildConfiguration section */

/* Begin XCConfigurationList section */
		E4B69B4D0A3A1720003C02F2 /* Build configuration list for PBXProject "ESP" */ = {
			isa = XCConfigurationList;
			buildConfigurations = (
				E4B69B4E0A3A1720003C02F2 /* Debug */,
				E4B69B4F0A3A1720003C02F2 /* Release */,
			);
			defaultConfigurationIsVisible = 0;
			defaultConfigurationName = Release;
		};
		E4B69B5F0A3A1757003C02F2 /* Build configuration list for PBXNativeTarget "ESP" */ = {
			isa = XCConfigurationList;
			buildConfigurations = (
				E4B69B600A3A1757003C02F2 /* Debug */,
				E4B69B610A3A1757003C02F2 /* Release */,
			);
			defaultConfigurationIsVisible = 0;
			defaultConfigurationName = Release;
		};
/* End XCConfigurationList section */
	};
	rootObject = E4B69B4C0A3A1720003C02F2 /* Project object */;
}
